
Microsoft Visual Studio Solution File, Format Version 12.00
# Visual Studio Version 17
VisualStudioVersion = 17.3.32929.385
MinimumVisualStudioVersion = 10.0.40219.1
Project("{FAE04EC0-301F-11D3-BF4B-00C04F79EFBC}") = "1. Number Pyramid", "1. Number Pyramid.csproj", "{D3BDE048-3BEA-45CC-8002-8D3BF6117635}"
EndProject
Global
	GlobalSection(SolutionConfigurationPlatforms) = preSolution
		Debug|Any CPU = Debug|Any CPU
		Release|Any CPU = Release|Any CPU
	EndGlobalSection
	GlobalSection(ProjectConfigurationPlatforms) = postSolution
		{D3BDE048-3BEA-45CC-8002-8D3BF6117635}.Debug|Any CPU.ActiveCfg = Debug|Any CPU
		{D3BDE048-3BEA-45CC-8002-8D3BF6117635}.Debug|Any CPU.Build.0 = Debug|Any CPU
		{D3BDE048-3BEA-45CC-8002-8D3BF6117635}.Release|Any CPU.ActiveCfg = Release|Any CPU
		{D3BDE048-3BEA-45CC-8002-8D3BF6117635}.Release|Any CPU.Build.0 = Release|Any CPU
	EndGlobalSection
	GlobalSection(SolutionProperties) = preSolution
		HideSolutionNode = FALSE
	EndGlobalSection
	GlobalSection(ExtensibilityGlobals) = postSolution
		SolutionGuid = {0B4A4709-020E-4F20-B0FC-8247B7A27AC7}
	EndGlobalSection
EndGlobal
